{
  "requires": true,
  "lockfileVersion": 1,
  "dependencies": {
    "async": {
      "version": "2.6.1",
      "resolved": "https://registry.npmjs.org/async/-/async-2.6.1.tgz",
      "integrity": "sha512-fNEiL2+AZt6AlAw/29Cr0UDe4sRAHCpEHh54WMz+Bb7QfNcFw4h3loofyJpLeQs4Yx7yuqu/2dLgM5hKOs6HlQ==",
      "requires": {
        "lodash": "4.17.10"
      }
    },
    "basictable": {
      "version": "git://github.com/jerrylow/basictable.git#2e6edf750501c52b74d61c2c0057cef3b6fcd3c8",
      "integrity": "sha1-NYvYzJxwQ2PD/MECR7jiWTzq+Xo="
    },
    "fill-pdf": {
      "version": "1.1.0",
      "resolved": "https://registry.npmjs.org/fill-pdf/-/fill-pdf-1.1.0.tgz",
      "integrity": "sha1-rJnRm9lJ7f4EqsqR0lffCqzGaEk=",
      "requires": {
        "async": "2.6.1",
        "temp": "0.8.3"
      }
    },
    "lodash": {
      "version": "4.17.10",
      "resolved": "https://registry.npmjs.org/lodash/-/lodash-4.17.10.tgz",
      "integrity": "sha512-UejweD1pDoXu+AD825lWwp4ZGtSwgnpZxb3JDViD7StjQz+Nb/6l093lx4OQ0foGWNRoc19mWy7BzL+UAK2iVg=="
    },
    "os-tmpdir": {
      "version": "1.0.2",
      "resolved": "https://registry.npmjs.org/os-tmpdir/-/os-tmpdir-1.0.2.tgz",
      "integrity": "sha1-u+Z0BseaqFxc/sdm/lc0VV36EnQ="
    },
    "rimraf": {
      "version": "2.2.8",
      "resolved": "https://registry.npmjs.org/rimraf/-/rimraf-2.2.8.tgz",
      "integrity": "sha1-5Dm+Kq7jJzIZUnMPmaiSnk/FBYI="
    },
    "sweetalert2": {
      "version": "7.20.4",
      "resolved": "https://registry.npmjs.org/sweetalert2/-/sweetalert2-7.20.4.tgz",
      "integrity": "sha1-8eM9i2kpDehf42l12e5vYh7CI8w="
    },
    "temp": {
      "version": "0.8.3",
      "resolved": "https://registry.npmjs.org/temp/-/temp-0.8.3.tgz",
      "integrity": "sha1-4Ma8TSa5AxJEEOT+2BEDAU38H1k=",
      "requires": {
        "os-tmpdir": "1.0.2",
        "rimraf": "2.2.8"
      }
    },
    "vali-admin": {
      "version": "2.3.0",
      "resolved": "https://registry.npmjs.org/vali-admin/-/vali-admin-2.3.0.tgz",
      "integrity": "sha1-x3fD8IPjsjZFsLgNE1e4sx/6/v0="
    }
  }
}
